
Microsoft Visual Studio Solution File, Format Version 12.00
# Visual Studio Version 16
VisualStudioVersion = 16.0.29306.81
MinimumVisualStudioVersion = 10.0.40219.1
Project("{9A19103F-16F7-4668-BE54-9A1E7A4F7556}") = "BsvSimpleLibrary", "BsvSimpleLibrary\BsvSimpleLibrary.csproj", "{AEED8B0F-93EE-4465-88C2-4BE75B13BA65}"
EndProject
Project("{FAE04EC0-301F-11D3-BF4B-00C04F79EFBC}") = "BsvSimpleLibraryTest", "BsvSimpleLibraryTest\BsvSimpleLibraryTest.csproj", "{17C877E8-E590-4E3C-9337-9338530CC544}"
EndProject
Project("{2150E333-8FDC-42A3-9474-1A3956D46DE8}") = "Solution Items", "Solution Items", "{BD972C3E-949D-4372-8A8F-7F434EB81CDB}"
	ProjectSection(SolutionItems) = preProject
		README.md = README.md
	EndProjectSection
EndProject
Global
	GlobalSection(SolutionConfigurationPlatforms) = preSolution
		Debug|Any CPU = Debug|Any CPU
		Release|Any CPU = Release|Any CPU
	EndGlobalSection
	GlobalSection(ProjectConfigurationPlatforms) = postSolution
		{AEED8B0F-93EE-4465-88C2-4BE75B13BA65}.Debug|Any CPU.ActiveCfg = Debug|Any CPU
		{AEED8B0F-93EE-4465-88C2-4BE75B13BA65}.Debug|Any CPU.Build.0 = Debug|Any CPU
		{AEED8B0F-93EE-4465-88C2-4BE75B13BA65}.Release|Any CPU.ActiveCfg = Release|Any CPU
		{AEED8B0F-93EE-4465-88C2-4BE75B13BA65}.Release|Any CPU.Build.0 = Release|Any CPU
		{17C877E8-E590-4E3C-9337-9338530CC544}.Debug|Any CPU.ActiveCfg = Debug|Any CPU
		{17C877E8-E590-4E3C-9337-9338530CC544}.Debug|Any CPU.Build.0 = Debug|Any CPU
		{17C877E8-E590-4E3C-9337-9338530CC544}.Release|Any CPU.ActiveCfg = Release|Any CPU
		{17C877E8-E590-4E3C-9337-9338530CC544}.Release|Any CPU.Build.0 = Release|Any CPU
	EndGlobalSection
	GlobalSection(SolutionProperties) = preSolution
		HideSolutionNode = FALSE
	EndGlobalSection
	GlobalSection(ExtensibilityGlobals) = postSolution
		SolutionGuid = {C8D6D13F-97ED-4F56-9958-3A70A1CD1FDA}
	EndGlobalSection
EndGlobal
